
Microsoft Visual Studio Solution File, Format Version 12.00
# Visual Studio Version 17
VisualStudioVersion = 17.11.35303.130
MinimumVisualStudioVersion = 10.0.40219.1
Project("{FAE04EC0-301F-11D3-BF4B-00C04F79EFBC}") = "PracaInzynierska", "PracaInzynierska\PracaInzynierska.csproj", "{C2A842EC-80DB-43DB-A9F4-AE8CB2FE3D0B}"
EndProject
Global
	GlobalSection(SolutionConfigurationPlatforms) = preSolution
		Debug|Any CPU = Debug|Any CPU
		Release|Any CPU = Release|Any CPU
	EndGlobalSection
	GlobalSection(ProjectConfigurationPlatforms) = postSolution
		{C2A842EC-80DB-43DB-A9F4-AE8CB2FE3D0B}.Debug|Any CPU.ActiveCfg = Debug|Any CPU
		{C2A842EC-80DB-43DB-A9F4-AE8CB2FE3D0B}.Debug|Any CPU.Build.0 = Debug|Any CPU
		{C2A842EC-80DB-43DB-A9F4-AE8CB2FE3D0B}.Release|Any CPU.ActiveCfg = Release|Any CPU
		{C2A842EC-80DB-43DB-A9F4-AE8CB2FE3D0B}.Release|Any CPU.Build.0 = Release|Any CPU
	EndGlobalSection
	GlobalSection(SolutionProperties) = preSolution
		HideSolutionNode = FALSE
	EndGlobalSection
	GlobalSection(ExtensibilityGlobals) = postSolution
		SolutionGuid = {6FC0346D-40E4-4C7A-90D3-AB2FBE5847FF}
	EndGlobalSection
EndGlobal
